
Microsoft Visual Studio Solution File, Format Version 12.00
# Visual Studio Version 16
VisualStudioVersion = 16.0.30804.86
MinimumVisualStudioVersion = 10.0.40219.1
Project("{9A19103F-16F7-4668-BE54-9A1E7A4F7556}") = "MiCurriculum.COMMON", "MiCurriculum.COMMON\MiCurriculum.COMMON.csproj", "{8138592A-9601-4773-BC5F-C74FB392A08E}"
EndProject
Project("{9A19103F-16F7-4668-BE54-9A1E7A4F7556}") = "MiCurriculum.BIZ", "MiCurriculum.BIZ\MiCurriculum.BIZ.csproj", "{A280E46E-6BB4-4092-80A2-2BDEAFF0DBF7}"
EndProject
Project("{9A19103F-16F7-4668-BE54-9A1E7A4F7556}") = "MiCurriculum.DAL.Local.LiteDB", "MiCurriculum.DAL.Local.LiteDB\MiCurriculum.DAL.Local.LiteDB.csproj", "{59397D7C-E806-4352-A5BF-0A8F55AC2923}"
EndProject
Project("{9A19103F-16F7-4668-BE54-9A1E7A4F7556}") = "MiCurriculum.Tools", "MiCurriculum.Tools\MiCurriculum.Tools.csproj", "{D69E43EB-C043-471C-AFF8-AEB8CAA258A9}"
EndProject
Project("{2150E333-8FDC-42A3-9474-1A3956D46DE8}") = "Capas Base", "Capas Base", "{373EC366-4A89-46E0-9E37-4F4A23C563D5}"
EndProject
Project("{2150E333-8FDC-42A3-9474-1A3956D46DE8}") = "Capas Superiores", "Capas Superiores", "{37B475B5-867A-400C-8CF2-74E104E202F7}"
EndProject
Project("{2150E333-8FDC-42A3-9474-1A3956D46DE8}") = "Escritorio", "Escritorio", "{93FDDA5F-6058-45E2-B479-6DB6BA014391}"
EndProject
Project("{FAE04EC0-301F-11D3-BF4B-00C04F79EFBC}") = "MiCurriculum.UI.UWP.Usuario", "MiCurriculum.UI.UWP.Usuario\MiCurriculum.UI.UWP.Usuario.csproj", "{4778669E-1362-4FDF-AC7F-B979744F4CCB}"
EndProject
Project("{FAE04EC0-301F-11D3-BF4B-00C04F79EFBC}") = "MiCurriculum.UI.WPF.Usuario", "MiCurriculum.UI.WPF.Usuario\MiCurriculum.UI.WPF.Usuario.csproj", "{5027786A-7445-4AEC-A6AC-4CBA7C1848E6}"
EndProject
Global
	GlobalSection(SolutionConfigurationPlatforms) = preSolution
		Debug|Any CPU = Debug|Any CPU
		Debug|ARM = Debug|ARM
		Debug|ARM64 = Debug|ARM64
		Debug|x64 = Debug|x64
		Debug|x86 = Debug|x86
		Release|Any CPU = Release|Any CPU
		Release|ARM = Release|ARM
		Release|ARM64 = Release|ARM64
		Release|x64 = Release|x64
		Release|x86 = Release|x86
	EndGlobalSection
	GlobalSection(ProjectConfigurationPlatforms) = postSolution
		{8138592A-9601-4773-BC5F-C74FB392A08E}.Debug|Any CPU.ActiveCfg = Debug|Any CPU
		{8138592A-9601-4773-BC5F-C74FB392A08E}.Debug|Any CPU.Build.0 = Debug|Any CPU
		{8138592A-9601-4773-BC5F-C74FB392A08E}.Debug|ARM.ActiveCfg = Debug|Any CPU
		{8138592A-9601-4773-BC5F-C74FB392A08E}.Debug|ARM.Build.0 = Debug|Any CPU
		{8138592A-9601-4773-BC5F-C74FB392A08E}.Debug|ARM64.ActiveCfg = Debug|Any CPU
		{8138592A-9601-4773-BC5F-C74FB392A08E}.Debug|ARM64.Build.0 = Debug|Any CPU
		{8138592A-9601-4773-BC5F-C74FB392A08E}.Debug|x64.ActiveCfg = Debug|Any CPU
		{8138592A-9601-4773-BC5F-C74FB392A08E}.Debug|x64.Build.0 = Debug|Any CPU
		{8138592A-9601-4773-BC5F-C74FB392A08E}.Debug|x86.ActiveCfg = Debug|Any CPU
		{8138592A-9601-4773-BC5F-C74FB392A08E}.Debug|x86.Build.0 = Debug|Any CPU
		{8138592A-9601-4773-BC5F-C74FB392A08E}.Release|Any CPU.ActiveCfg = Release|Any CPU
		{8138592A-9601-4773-BC5F-C74FB392A08E}.Release|Any CPU.Build.0 = Release|Any CPU
		{8138592A-9601-4773-BC5F-C74FB392A08E}.Release|ARM.ActiveCfg = Release|Any CPU
		{8138592A-9601-4773-BC5F-C74FB392A08E}.Release|ARM.Build.0 = Release|Any CPU
		{8138592A-9601-4773-BC5F-C74FB392A08E}.Release|ARM64.ActiveCfg = Release|Any CPU
		{8138592A-9601-4773-BC5F-C74FB392A08E}.Release|ARM64.Build.0 = Release|Any CPU
		{8138592A-9601-4773-BC5F-C74FB392A08E}.Release|x64.ActiveCfg = Release|Any CPU
		{8138592A-9601-4773-BC5F-C74FB392A08E}.Release|x64.Build.0 = Release|Any CPU
		{8138592A-9601-4773-BC5F-C74FB392A08E}.Release|x86.ActiveCfg = Release|Any CPU
		{8138592A-9601-4773-BC5F-C74FB392A08E}.Release|x86.Build.0 = Release|Any CPU
		{A280E46E-6BB4-4092-80A2-2BDEAFF0DBF7}.Debug|Any CPU.ActiveCfg = Debug|Any CPU
		{A280E46E-6BB4-4092-80A2-2BDEAFF0DBF7}.Debug|Any CPU.Build.0 = Debug|Any CPU
		{A280E46E-6BB4-4092-80A2-2BDEAFF0DBF7}.Debug|ARM.ActiveCfg = Debug|Any CPU
		{A280E46E-6BB4-4092-80A2-2BDEAFF0DBF7}.Debug|ARM.Build.0 = Debug|Any CPU
		{A280E46E-6BB4-4092-80A2-2BDEAFF0DBF7}.Debug|ARM64.ActiveCfg = Debug|Any CPU
		{A280E46E-6BB4-4092-80A2-2BDEAFF0DBF7}.Debug|ARM64.Build.0 = Debug|Any CPU
		{A280E46E-6BB4-4092-80A2-2BDEAFF0DBF7}.Debug|x64.ActiveCfg = Debug|Any CPU
		{A280E46E-6BB4-4092-80A2-2BDEAFF0DBF7}.Debug|x64.Build.0 = Debug|Any CPU
		{A280E46E-6BB4-4092-80A2-2BDEAFF0DBF7}.Debug|x86.ActiveCfg = Debug|Any CPU
		{A280E46E-6BB4-4092-80A2-2BDEAFF0DBF7}.Debug|x86.Build.0 = Debug|Any CPU
		{A280E46E-6BB4-4092-80A2-2BDEAFF0DBF7}.Release|Any CPU.ActiveCfg = Release|Any CPU
		{A280E46E-6BB4-4092-80A2-2BDEAFF0DBF7}.Release|Any CPU.Build.0 = Release|Any CPU
		{A280E46E-6BB4-4092-80A2-2BDEAFF0DBF7}.Release|ARM.ActiveCfg = Release|Any CPU
		{A280E46E-6BB4-4092-80A2-2BDEAFF0DBF7}.Release|ARM.Build.0 = Release|Any CPU
		{A280E46E-6BB4-4092-80A2-2BDEAFF0DBF7}.Release|ARM64.ActiveCfg = Release|Any CPU
		{A280E46E-6BB4-4092-80A2-2BDEAFF0DBF7}.Release|ARM64.Build.0 = Release|Any CPU
		{A280E46E-6BB4-4092-80A2-2BDEAFF0DBF7}.Release|x64.ActiveCfg = Release|Any CPU
		{A280E46E-6BB4-4092-80A2-2BDEAFF0DBF7}.Release|x64.Build.0 = Release|Any CPU
		{A280E46E-6BB4-4092-80A2-2BDEAFF0DBF7}.Release|x86.ActiveCfg = Release|Any CPU
		{A280E46E-6BB4-4092-80A2-2BDEAFF0DBF7}.Release|x86.Build.0 = Release|Any CPU
		{59397D7C-E806-4352-A5BF-0A8F55AC2923}.Debug|Any CPU.ActiveCfg = Debug|Any CPU
		{59397D7C-E806-4352-A5BF-0A8F55AC2923}.Debug|Any CPU.Build.0 = Debug|Any CPU
		{59397D7C-E806-4352-A5BF-0A8F55AC2923}.Debug|ARM.ActiveCfg = Debug|Any CPU
		{59397D7C-E806-4352-A5BF-0A8F55AC2923}.Debug|ARM.Build.0 = Debug|Any CPU
		{59397D7C-E806-4352-A5BF-0A8F55AC2923}.Debug|ARM64.ActiveCfg = Debug|Any CPU
		{59397D7C-E806-4352-A5BF-0A8F55AC2923}.Debug|ARM64.Build.0 = Debug|Any CPU
		{59397D7C-E806-4352-A5BF-0A8F55AC2923}.Debug|x64.ActiveCfg = Debug|Any CPU
		{59397D7C-E806-4352-A5BF-0A8F55AC2923}.Debug|x64.Build.0 = Debug|Any CPU
		{59397D7C-E806-4352-A5BF-0A8F55AC2923}.Debug|x86.ActiveCfg = Debug|Any CPU
		{59397D7C-E806-4352-A5BF-0A8F55AC2923}.Debug|x86.Build.0 = Debug|Any CPU
		{59397D7C-E806-4352-A5BF-0A8F55AC2923}.Release|Any CPU.ActiveCfg = Release|Any CPU
		{59397D7C-E806-4352-A5BF-0A8F55AC2923}.Release|Any CPU.Build.0 = Release|Any CPU
		{59397D7C-E806-4352-A5BF-0A8F55AC2923}.Release|ARM.ActiveCfg = Release|Any CPU
		{59397D7C-E806-4352-A5BF-0A8F55AC2923}.Release|ARM.Build.0 = Release|Any CPU
		{59397D7C-E806-4352-A5BF-0A8F55AC2923}.Release|ARM64.ActiveCfg = Release|Any CPU
		{59397D7C-E806-4352-A5BF-0A8F55AC2923}.Release|ARM64.Build.0 = Release|Any CPU
		{59397D7C-E806-4352-A5BF-0A8F55AC2923}.Release|x64.ActiveCfg = Release|Any CPU
		{59397D7C-E806-4352-A5BF-0A8F55AC2923}.Release|x64.Build.0 = Release|Any CPU
		{59397D7C-E806-4352-A5BF-0A8F55AC2923}.Release|x86.ActiveCfg = Release|Any CPU
		{59397D7C-E806-4352-A5BF-0A8F55AC2923}.Release|x86.Build.0 = Release|Any CPU
		{D69E43EB-C043-471C-AFF8-AEB8CAA258A9}.Debug|Any CPU.ActiveCfg = Debug|Any CPU
		{D69E43EB-C043-471C-AFF8-AEB8CAA258A9}.Debug|Any CPU.Build.0 = Debug|Any CPU
		{D69E43EB-C043-471C-AFF8-AEB8CAA258A9}.Debug|ARM.ActiveCfg = Debug|Any CPU
		{D69E43EB-C043-471C-AFF8-AEB8CAA258A9}.Debug|ARM.Build.0 = Debug|Any CPU
		{D69E43EB-C043-471C-AFF8-AEB8CAA258A9}.Debug|ARM64.ActiveCfg = Debug|Any CPU
		{D69E43EB-C043-471C-AFF8-AEB8CAA258A9}.Debug|ARM64.Build.0 = Debug|Any CPU
		{D69E43EB-C043-471C-AFF8-AEB8CAA258A9}.Debug|x64.ActiveCfg = Debug|Any CPU
		{D69E43EB-C043-471C-AFF8-AEB8CAA258A9}.Debug|x64.Build.0 = Debug|Any CPU
		{D69E43EB-C043-471C-AFF8-AEB8CAA258A9}.Debug|x86.ActiveCfg = Debug|Any CPU
		{D69E43EB-C043-471C-AFF8-AEB8CAA258A9}.Debug|x86.Build.0 = Debug|Any CPU
		{D69E43EB-C043-471C-AFF8-AEB8CAA258A9}.Release|Any CPU.ActiveCfg = Release|Any CPU
		{D69E43EB-C043-471C-AFF8-AEB8CAA258A9}.Release|Any CPU.Build.0 = Release|Any CPU
		{D69E43EB-C043-471C-AFF8-AEB8CAA258A9}.Release|ARM.ActiveCfg = Release|Any CPU
		{D69E43EB-C043-471C-AFF8-AEB8CAA258A9}.Release|ARM.Build.0 = Release|Any CPU
		{D69E43EB-C043-471C-AFF8-AEB8CAA258A9}.Release|ARM64.ActiveCfg = Release|Any CPU
		{D69E43EB-C043-471C-AFF8-AEB8CAA258A9}.Release|ARM64.Build.0 = Release|Any CPU
		{D69E43EB-C043-471C-AFF8-AEB8CAA258A9}.Release|x64.ActiveCfg = Release|Any CPU
		{D69E43EB-C043-471C-AFF8-AEB8CAA258A9}.Release|x64.Build.0 = Release|Any CPU
		{D69E43EB-C043-471C-AFF8-AEB8CAA258A9}.Release|x86.ActiveCfg = Release|Any CPU
		{D69E43EB-C043-471C-AFF8-AEB8CAA258A9}.Release|x86.Build.0 = Release|Any CPU
		{4778669E-1362-4FDF-AC7F-B979744F4CCB}.Debug|Any CPU.ActiveCfg = Debug|x86
		{4778669E-1362-4FDF-AC7F-B979744F4CCB}.Debug|ARM.ActiveCfg = Debug|ARM
		{4778669E-1362-4FDF-AC7F-B979744F4CCB}.Debug|ARM.Build.0 = Debug|ARM
		{4778669E-1362-4FDF-AC7F-B979744F4CCB}.Debug|ARM.Deploy.0 = Debug|ARM
		{4778669E-1362-4FDF-AC7F-B979744F4CCB}.Debug|ARM64.ActiveCfg = Debug|ARM64
		{4778669E-1362-4FDF-AC7F-B979744F4CCB}.Debug|ARM64.Build.0 = Debug|ARM64
		{4778669E-1362-4FDF-AC7F-B979744F4CCB}.Debug|ARM64.Deploy.0 = Debug|ARM64
		{4778669E-1362-4FDF-AC7F-B979744F4CCB}.Debug|x64.ActiveCfg = Debug|x64
		{4778669E-1362-4FDF-AC7F-B979744F4CCB}.Debug|x64.Build.0 = Debug|x64
		{4778669E-1362-4FDF-AC7F-B979744F4CCB}.Debug|x64.Deploy.0 = Debug|x64
		{4778669E-1362-4FDF-AC7F-B979744F4CCB}.Debug|x86.ActiveCfg = Debug|x86
		{4778669E-1362-4FDF-AC7F-B979744F4CCB}.Debug|x86.Build.0 = Debug|x86
		{4778669E-1362-4FDF-AC7F-B979744F4CCB}.Debug|x86.Deploy.0 = Debug|x86
		{4778669E-1362-4FDF-AC7F-B979744F4CCB}.Release|Any CPU.ActiveCfg = Release|x86
		{4778669E-1362-4FDF-AC7F-B979744F4CCB}.Release|ARM.ActiveCfg = Release|ARM
		{4778669E-1362-4FDF-AC7F-B979744F4CCB}.Release|ARM.Build.0 = Release|ARM
		{4778669E-1362-4FDF-AC7F-B979744F4CCB}.Release|ARM.Deploy.0 = Release|ARM
		{4778669E-1362-4FDF-AC7F-B979744F4CCB}.Release|ARM64.ActiveCfg = Release|ARM64
		{4778669E-1362-4FDF-AC7F-B979744F4CCB}.Release|ARM64.Build.0 = Release|ARM64
		{4778669E-1362-4FDF-AC7F-B979744F4CCB}.Release|ARM64.Deploy.0 = Release|ARM64
		{4778669E-1362-4FDF-AC7F-B979744F4CCB}.Release|x64.ActiveCfg = Release|x64
		{4778669E-1362-4FDF-AC7F-B979744F4CCB}.Release|x64.Build.0 = Release|x64
		{4778669E-1362-4FDF-AC7F-B979744F4CCB}.Release|x64.Deploy.0 = Release|x64
		{4778669E-1362-4FDF-AC7F-B979744F4CCB}.Release|x86.ActiveCfg = Release|x86
		{4778669E-1362-4FDF-AC7F-B979744F4CCB}.Release|x86.Build.0 = Release|x86
		{4778669E-1362-4FDF-AC7F-B979744F4CCB}.Release|x86.Deploy.0 = Release|x86
		{5027786A-7445-4AEC-A6AC-4CBA7C1848E6}.Debug|Any CPU.ActiveCfg = Debug|Any CPU
		{5027786A-7445-4AEC-A6AC-4CBA7C1848E6}.Debug|Any CPU.Build.0 = Debug|Any CPU
		{5027786A-7445-4AEC-A6AC-4CBA7C1848E6}.Debug|ARM.ActiveCfg = Debug|Any CPU
		{5027786A-7445-4AEC-A6AC-4CBA7C1848E6}.Debug|ARM.Build.0 = Debug|Any CPU
		{5027786A-7445-4AEC-A6AC-4CBA7C1848E6}.Debug|ARM64.ActiveCfg = Debug|Any CPU
		{5027786A-7445-4AEC-A6AC-4CBA7C1848E6}.Debug|ARM64.Build.0 = Debug|Any CPU
		{5027786A-7445-4AEC-A6AC-4CBA7C1848E6}.Debug|x64.ActiveCfg = Debug|Any CPU
		{5027786A-7445-4AEC-A6AC-4CBA7C1848E6}.Debug|x64.Build.0 = Debug|Any CPU
		{5027786A-7445-4AEC-A6AC-4CBA7C1848E6}.Debug|x86.ActiveCfg = Debug|Any CPU
		{5027786A-7445-4AEC-A6AC-4CBA7C1848E6}.Debug|x86.Build.0 = Debug|Any CPU
		{5027786A-7445-4AEC-A6AC-4CBA7C1848E6}.Release|Any CPU.ActiveCfg = Release|Any CPU
		{5027786A-7445-4AEC-A6AC-4CBA7C1848E6}.Release|Any CPU.Build.0 = Release|Any CPU
		{5027786A-7445-4AEC-A6AC-4CBA7C1848E6}.Release|ARM.ActiveCfg = Release|Any CPU
		{5027786A-7445-4AEC-A6AC-4CBA7C1848E6}.Release|ARM.Build.0 = Release|Any CPU
		{5027786A-7445-4AEC-A6AC-4CBA7C1848E6}.Release|ARM64.ActiveCfg = Release|Any CPU
		{5027786A-7445-4AEC-A6AC-4CBA7C1848E6}.Release|ARM64.Build.0 = Release|Any CPU
		{5027786A-7445-4AEC-A6AC-4CBA7C1848E6}.Release|x64.ActiveCfg = Release|Any CPU
		{5027786A-7445-4AEC-A6AC-4CBA7C1848E6}.Release|x64.Build.0 = Release|Any CPU
		{5027786A-7445-4AEC-A6AC-4CBA7C1848E6}.Release|x86.ActiveCfg = Release|Any CPU
		{5027786A-7445-4AEC-A6AC-4CBA7C1848E6}.Release|x86.Build.0 = Release|Any CPU
	EndGlobalSection
	GlobalSection(SolutionProperties) = preSolution
		HideSolutionNode = FALSE
	EndGlobalSection
	GlobalSection(NestedProjects) = preSolution
		{8138592A-9601-4773-BC5F-C74FB392A08E} = {373EC366-4A89-46E0-9E37-4F4A23C563D5}
		{A280E46E-6BB4-4092-80A2-2BDEAFF0DBF7} = {373EC366-4A89-46E0-9E37-4F4A23C563D5}
		{59397D7C-E806-4352-A5BF-0A8F55AC2923} = {373EC366-4A89-46E0-9E37-4F4A23C563D5}
		{D69E43EB-C043-471C-AFF8-AEB8CAA258A9} = {373EC366-4A89-46E0-9E37-4F4A23C563D5}
		{93FDDA5F-6058-45E2-B479-6DB6BA014391} = {37B475B5-867A-400C-8CF2-74E104E202F7}
		{4778669E-1362-4FDF-AC7F-B979744F4CCB} = {93FDDA5F-6058-45E2-B479-6DB6BA014391}
		{5027786A-7445-4AEC-A6AC-4CBA7C1848E6} = {93FDDA5F-6058-45E2-B479-6DB6BA014391}
	EndGlobalSection
	GlobalSection(ExtensibilityGlobals) = postSolution
		SolutionGuid = {70267B34-E5F9-47E2-A4EA-E96D1C10C7F7}
	EndGlobalSection
EndGlobal
